// !$*UTF8*$!
{
	archiveVersion = 1;
	classes = {
	};
	objectVersion = 56;
	objects = {

/* Begin PBXBuildFile section */
		B0BFC224A5199E2E589A2D98 /* Pods_ColourPickerApp.framework in Frameworks */ = {isa = PBXBuildFile; fileRef = A08420AA5F17015EA9D4D76A /* Pods_ColourPickerApp.framework */; };
		BC6DD82D2C9B571E007C2C0B /* ColourPickerAppApp.swift in Sources */ = {isa = PBXBuildFile; fileRef = BC6DD82C2C9B571E007C2C0B /* ColourPickerAppApp.swift */; };
		BC6DD82F2C9B571E007C2C0B /* ContentView.swift in Sources */ = {isa = PBXBuildFile; fileRef = BC6DD82E2C9B571E007C2C0B /* ContentView.swift */; };
		BC6DD8312C9B5720007C2C0B /* Assets.xcassets in Resources */ = {isa = PBXBuildFile; fileRef = BC6DD8302C9B5720007C2C0B /* Assets.xcassets */; };
		BC6DD8342C9B5720007C2C0B /* Preview Assets.xcassets in Resources */ = {isa = PBXBuildFile; fileRef = BC6DD8332C9B5720007C2C0B /* Preview Assets.xcassets */; };
		BC6DD83C2C9B5CD8007C2C0B /* AppDelegate.swift in Sources */ = {isa = PBXBuildFile; fileRef = BC6DD83B2C9B5CD8007C2C0B /* AppDelegate.swift */; };
		BCB378E52C9BECD400373404 /* GoogleService-Info.plist in Resources */ = {isa = PBXBuildFile; fileRef = BCB378E42C9BECD300373404 /* GoogleService-Info.plist */; };
		BCB378E72C9BF13B00373404 /* ColourViewModel.swift in Sources */ = {isa = PBXBuildFile; fileRef = BCB378E62C9BF13B00373404 /* ColourViewModel.swift */; };
		BCB378E92C9BF17400373404 /* Model.swift in Sources */ = {isa = PBXBuildFile; fileRef = BCB378E82C9BF17400373404 /* Model.swift */; };
		BCB378EF2C9BF55F00373404 /* ColourCardView.swift in Sources */ = {isa = PBXBuildFile; fileRef = BCB378EE2C9BF55F00373404 /* ColourCardView.swift */; };
/* End PBXBuildFile section */

/* Begin PBXFileReference section */
		A08420AA5F17015EA9D4D76A /* Pods_ColourPickerApp.framework */ = {isa = PBXFileReference; explicitFileType = wrapper.framework; includeInIndex = 0; path = Pods_ColourPickerApp.framework; sourceTree = BUILT_PRODUCTS_DIR; };
		B78A662EFF1D3D39464613BF /* Pods-ColourPickerApp.debug.xcconfig */ = {isa = PBXFileReference; includeInIndex = 1; lastKnownFileType = text.xcconfig; name = "Pods-ColourPickerApp.debug.xcconfig"; path = "Target Support Files/Pods-ColourPickerApp/Pods-ColourPickerApp.debug.xcconfig"; sourceTree = "<group>"; };
		BC6DD8292C9B571E007C2C0B /* ColourPickerApp.app */ = {isa = PBXFileReference; explicitFileType = wrapper.application; includeInIndex = 0; path = ColourPickerApp.app; sourceTree = BUILT_PRODUCTS_DIR; };
		BC6DD82C2C9B571E007C2C0B /* ColourPickerAppApp.swift */ = {isa = PBXFileReference; lastKnownFileType = sourcecode.swift; path = ColourPickerAppApp.swift; sourceTree = "<group>"; };
		BC6DD82E2C9B571E007C2C0B /* ContentView.swift */ = {isa = PBXFileReference; lastKnownFileType = sourcecode.swift; path = ContentView.swift; sourceTree = "<group>"; };
		BC6DD8302C9B5720007C2C0B /* Assets.xcassets */ = {isa = PBXFileReference; lastKnownFileType = folder.assetcatalog; path = Assets.xcassets; sourceTree = "<group>"; };
		BC6DD8332C9B5720007C2C0B /* Preview Assets.xcassets */ = {isa = PBXFileReference; lastKnownFileType = folder.assetcatalog; path = "Preview Assets.xcassets"; sourceTree = "<group>"; };
		BC6DD83B2C9B5CD8007C2C0B /* AppDelegate.swift */ = {isa = PBXFileReference; lastKnownFileType = sourcecode.swift; path = AppDelegate.swift; sourceTree = "<group>"; };
		BCB378E42C9BECD300373404 /* GoogleService-Info.plist */ = {isa = PBXFileReference; fileEncoding = 4; lastKnownFileType = text.plist.xml; path = "GoogleService-Info.plist"; sourceTree = "<group>"; };
		BCB378E62C9BF13B00373404 /* ColourViewModel.swift */ = {isa = PBXFileReference; lastKnownFileType = sourcecode.swift; path = ColourViewModel.swift; sourceTree = "<group>"; };
		BCB378E82C9BF17400373404 /* Model.swift */ = {isa = PBXFileReference; lastKnownFileType = sourcecode.swift; path = Model.swift; sourceTree = "<group>"; };
		BCB378EE2C9BF55F00373404 /* ColourCardView.swift */ = {isa = PBXFileReference; lastKnownFileType = sourcecode.swift; path = ColourCardView.swift; sourceTree = "<group>"; };
		CC84588F7C0E703A176A36B1 /* Pods-ColourPickerApp.release.xcconfig */ = {isa = PBXFileReference; includeInIndex = 1; lastKnownFileType = text.xcconfig; name = "Pods-ColourPickerApp.release.xcconfig"; path = "Target Support Files/Pods-ColourPickerApp/Pods-ColourPickerApp.release.xcconfig"; sourceTree = "<group>"; };
/* End PBXFileReference section */

/* Begin PBXFrameworksBuildPhase section */
		BC6DD8262C9B571E007C2C0B /* Frameworks */ = {
			isa = PBXFrameworksBuildPhase;
			buildActionMask = 2147483647;
			files = (
				B0BFC224A5199E2E589A2D98 /* Pods_ColourPickerApp.framework in Frameworks */,
			);
			runOnlyForDeploymentPostprocessing = 0;
		};
/* End PBXFrameworksBuildPhase section */

/* Begin PBXGroup section */
		5965C446365BA11739F1B32F /* Frameworks */ = {
			isa = PBXGroup;
			children = (
				A08420AA5F17015EA9D4D76A /* Pods_ColourPickerApp.framework */,
			);
			name = Frameworks;
			sourceTree = "<group>";
		};
		9D36F03FC47769A3569DB3BE /* Pods */ = {
			isa = PBXGroup;
			children = (
				B78A662EFF1D3D39464613BF /* Pods-ColourPickerApp.debug.xcconfig */,
				CC84588F7C0E703A176A36B1 /* Pods-ColourPickerApp.release.xcconfig */,
			);
			path = Pods;
			sourceTree = "<group>";
		};
		BC6DD8202C9B571E007C2C0B = {
			isa = PBXGroup;
			children = (
				BC6DD82B2C9B571E007C2C0B /* ColourPickerApp */,
				BC6DD82A2C9B571E007C2C0B /* Products */,
				9D36F03FC47769A3569DB3BE /* Pods */,
				5965C446365BA11739F1B32F /* Frameworks */,
			);
			sourceTree = "<group>";
		};
		BC6DD82A2C9B571E007C2C0B /* Products */ = {
			isa = PBXGroup;
			children = (
				BC6DD8292C9B571E007C2C0B /* ColourPickerApp.app */,
			);
			name = Products;
			sourceTree = "<group>";
		};
		BC6DD82B2C9B571E007C2C0B /* ColourPickerApp */ = {
			isa = PBXGroup;
			children = (
				BCB378EA2C9BF2F400373404 /* MODEL */,
				BCB378ED2C9BF32600373404 /* VIEW */,
				BCB378EC2C9BF31000373404 /* VIEWMODEL */,
				BCB378EB2C9BF2FE00373404 /* RESOURCE */,
				BC6DD8302C9B5720007C2C0B /* Assets.xcassets */,
				BC6DD8322C9B5720007C2C0B /* Preview Content */,
			);
			path = ColourPickerApp;
			sourceTree = "<group>";
		};
		BC6DD8322C9B5720007C2C0B /* Preview Content */ = {
			isa = PBXGroup;
			children = (
				BC6DD8332C9B5720007C2C0B /* Preview Assets.xcassets */,
			);
			path = "Preview Content";
			sourceTree = "<group>";
		};
		BCB378EA2C9BF2F400373404 /* MODEL */ = {
			isa = PBXGroup;
			children = (
				BCB378E82C9BF17400373404 /* Model.swift */,
			);
			path = MODEL;
			sourceTree = "<group>";
		};
		BCB378EB2C9BF2FE00373404 /* RESOURCE */ = {
			isa = PBXGroup;
			children = (
				BCB378E42C9BECD300373404 /* GoogleService-Info.plist */,
				BC6DD83B2C9B5CD8007C2C0B /* AppDelegate.swift */,
				BC6DD82C2C9B571E007C2C0B /* ColourPickerAppApp.swift */,
			);
			path = RESOURCE;
			sourceTree = "<group>";
		};
		BCB378EC2C9BF31000373404 /* VIEWMODEL */ = {
			isa = PBXGroup;
			children = (
				BCB378E62C9BF13B00373404 /* ColourViewModel.swift */,
			);
			path = VIEWMODEL;
			sourceTree = "<group>";
		};
		BCB378ED2C9BF32600373404 /* VIEW */ = {
			isa = PBXGroup;
			children = (
				BC6DD82E2C9B571E007C2C0B /* ContentView.swift */,
				BCB378EE2C9BF55F00373404 /* ColourCardView.swift */,
			);
			path = VIEW;
			sourceTree = "<group>";
		};
/* End PBXGroup section */

/* Begin PBXNativeTarget section */
		BC6DD8282C9B571E007C2C0B /* ColourPickerApp */ = {
			isa = PBXNativeTarget;
			buildConfigurationList = BC6DD8372C9B5720007C2C0B /* Build configuration list for PBXNativeTarget "ColourPickerApp" */;
			buildPhases = (
				41E5E1FF707906E5EE02D4D9 /* [CP] Check Pods Manifest.lock */,
				BC6DD8252C9B571E007C2C0B /* Sources */,
				BC6DD8262C9B571E007C2C0B /* Frameworks */,
				BC6DD8272C9B571E007C2C0B /* Resources */,
				A3EBBE034AA64F598E3F6BFE /* [CP] Embed Pods Frameworks */,
			);
			buildRules = (
			);
			dependencies = (
			);
			name = ColourPickerApp;
			productName = ColourPickerApp;
			productReference = BC6DD8292C9B571E007C2C0B /* ColourPickerApp.app */;
			productType = "com.apple.product-type.application";
		};
/* End PBXNativeTarget section */

/* Begin PBXProject section */
		BC6DD8212C9B571E007C2C0B /* Project object */ = {
			isa = PBXProject;
			attributes = {
				BuildIndependentTargetsInParallel = 1;
				LastSwiftUpdateCheck = 1540;
				LastUpgradeCheck = 1540;
				TargetAttributes = {
					BC6DD8282C9B571E007C2C0B = {
						CreatedOnToolsVersion = 15.4;
					};
				};
			};
			buildConfigurationList = BC6DD8242C9B571E007C2C0B /* Build configuration list for PBXProject "ColourPickerApp" */;
			compatibilityVersion = "Xcode 14.0";
			developmentRegion = en;
			hasScannedForEncodings = 0;
			knownRegions = (
				en,
				Base,
			);
			mainGroup = BC6DD8202C9B571E007C2C0B;
			productRefGroup = BC6DD82A2C9B571E007C2C0B /* Products */;
			projectDirPath = "";
			projectRoot = "";
			targets = (
				BC6DD8282C9B571E007C2C0B /* ColourPickerApp */,
			);
		};
/* End PBXProject section */

/* Begin PBXResourcesBuildPhase section */
		BC6DD8272C9B571E007C2C0B /* Resources */ = {
			isa = PBXResourcesBuildPhase;
			buildActionMask = 2147483647;
			files = (
				BCB378E52C9BECD400373404 /* GoogleService-Info.plist in Resources */,
				BC6DD8342C9B5720007C2C0B /* Preview Assets.xcassets in Resources */,
				BC6DD8312C9B5720007C2C0B /* Assets.xcassets in Resources */,
			);
			runOnlyForDeploymentPostprocessing = 0;
		};
/* End PBXResourcesBuildPhase section */

/* Begin PBXShellScriptBuildPhase section */
		41E5E1FF707906E5EE02D4D9 /* [CP] Check Pods Manifest.lock */ = {
			isa = PBXShellScriptBuildPhase;
			buildActionMask = 2147483647;
			files = (
			);
			inputFileListPaths = (
			);
			inputPaths = (
				"${PODS_PODFILE_DIR_PATH}/Podfile.lock",
				"${PODS_ROOT}/Manifest.lock",
			);
			name = "[CP] Check Pods Manifest.lock";
			outputFileListPaths = (
			);
			outputPaths = (
				"$(DERIVED_FILE_DIR)/Pods-ColourPickerApp-checkManifestLockResult.txt",
			);
			runOnlyForDeploymentPostprocessing = 0;
			shellPath = /bin/sh;
			shellScript = "diff \"${PODS_PODFILE_DIR_PATH}/Podfile.lock\" \"${PODS_ROOT}/Manifest.lock\" > /dev/null\nif [ $? != 0 ] ; then\n    # print error to STDERR\n    echo \"error: The sandbox is not in sync with the Podfile.lock. Run 'pod install' or update your CocoaPods installation.\" >&2\n    exit 1\nfi\n# This output is used by Xcode 'outputs' to avoid re-running this script phase.\necho \"SUCCESS\" > \"${SCRIPT_OUTPUT_FILE_0}\"\n";
			showEnvVarsInLog = 0;
		};
		A3EBBE034AA64F598E3F6BFE /* [CP] Embed Pods Frameworks */ = {
			isa = PBXShellScriptBuildPhase;
			buildActionMask = 2147483647;
			files = (
			);
			inputFileListPaths = (
				"${PODS_ROOT}/Target Support Files/Pods-ColourPickerApp/Pods-ColourPickerApp-frameworks-${CONFIGURATION}-input-files.xcfilelist",
			);
			name = "[CP] Embed Pods Frameworks";
			outputFileListPaths = (
				"${PODS_ROOT}/Target Support Files/Pods-ColourPickerApp/Pods-ColourPickerApp-frameworks-${CONFIGURATION}-output-files.xcfilelist",
			);
			runOnlyForDeploymentPostprocessing = 0;
			shellPath = /bin/sh;
			shellScript = "\"${PODS_ROOT}/Target Support Files/Pods-ColourPickerApp/Pods-ColourPickerApp-frameworks.sh\"\n";
			showEnvVarsInLog = 0;
		};
/* End PBXShellScriptBuildPhase section */

/* Begin PBXSourcesBuildPhase section */
		BC6DD8252C9B571E007C2C0B /* Sources */ = {
			isa = PBXSourcesBuildPhase;
			buildActionMask = 2147483647;
			files = (
				BCB378EF2C9BF55F00373404 /* ColourCardView.swift in Sources */,
				BCB378E92C9BF17400373404 /* Model.swift in Sources */,
				BCB378E72C9BF13B00373404 /* ColourViewModel.swift in Sources */,
				BC6DD83C2C9B5CD8007C2C0B /* AppDelegate.swift in Sources */,
				BC6DD82F2C9B571E007C2C0B /* ContentView.swift in Sources */,
				BC6DD82D2C9B571E007C2C0B /* ColourPickerAppApp.swift in Sources */,
			);
			runOnlyForDeploymentPostprocessing = 0;
		};
/* End PBXSourcesBuildPhase section */

/* Begin XCBuildConfiguration section */
		BC6DD8352C9B5720007C2C0B /* Debug */ = {
			isa = XCBuildConfiguration;
			buildSettings = {
				ALWAYS_SEARCH_USER_PATHS = NO;
				ASSETCATALOG_COMPILER_GENERATE_SWIFT_ASSET_SYMBOL_EXTENSIONS = YES;
				CLANG_ANALYZER_NONNULL = YES;
				CLANG_ANALYZER_NUMBER_OBJECT_CONVERSION = YES_AGGRESSIVE;
				CLANG_CXX_LANGUAGE_STANDARD = "gnu++20";
				CLANG_ENABLE_MODULES = YES;
				CLANG_ENABLE_OBJC_ARC = YES;
				CLANG_ENABLE_OBJC_WEAK = YES;
				CLANG_WARN_BLOCK_CAPTURE_AUTORELEASING = YES;
				CLANG_WARN_BOOL_CONVERSION = YES;
				CLANG_WARN_COMMA = YES;
				CLANG_WARN_CONSTANT_CONVERSION = YES;
				CLANG_WARN_DEPRECATED_OBJC_IMPLEMENTATIONS = YES;
				CLANG_WARN_DIRECT_OBJC_ISA_USAGE = YES_ERROR;
				CLANG_WARN_DOCUMENTATION_COMMENTS = YES;
				CLANG_WARN_EMPTY_BODY = YES;
				CLANG_WARN_ENUM_CONVERSION = YES;
				CLANG_WARN_INFINITE_RECURSION = YES;
				CLANG_WARN_INT_CONVERSION = YES;
				CLANG_WARN_NON_LITERAL_NULL_CONVERSION = YES;
				CLANG_WARN_OBJC_IMPLICIT_RETAIN_SELF = YES;
				CLANG_WARN_OBJC_LITERAL_CONVERSION = YES;
				CLANG_WARN_OBJC_ROOT_CLASS = YES_ERROR;
				CLANG_WARN_QUOTED_INCLUDE_IN_FRAMEWORK_HEADER = YES;
				CLANG_WARN_RANGE_LOOP_ANALYSIS = YES;
				CLANG_WARN_STRICT_PROTOTYPES = YES;
				CLANG_WARN_SUSPICIOUS_MOVE = YES;
				CLANG_WARN_UNGUARDED_AVAILABILITY = YES_AGGRESSIVE;
				CLANG_WARN_UNREACHABLE_CODE = YES;
				CLANG_WARN__DUPLICATE_METHOD_MATCH = YES;
				COPY_PHASE_STRIP = NO;
				DEBUG_INFORMATION_FORMAT = dwarf;
				ENABLE_STRICT_OBJC_MSGSEND = YES;
				ENABLE_TESTABILITY = YES;
				ENABLE_USER_SCRIPT_SANDBOXING = NO;
				GCC_C_LANGUAGE_STANDARD = gnu17;
				GCC_DYNAMIC_NO_PIC = NO;
				GCC_NO_COMMON_BLOCKS = YES;
				GCC_OPTIMIZATION_LEVEL = 0;
				GCC_PREPROCESSOR_DEFINITIONS = (
					"DEBUG=1",
					"$(inherited)",
				);
				GCC_WARN_64_TO_32_BIT_CONVERSION = YES;
				GCC_WARN_ABOUT_RETURN_TYPE = YES_ERROR;
				GCC_WARN_UNDECLARED_SELECTOR = YES;
				GCC_WARN_UNINITIALIZED_AUTOS = YES_AGGRESSIVE;
				GCC_WARN_UNUSED_FUNCTION = YES;
				GCC_WARN_UNUSED_VARIABLE = YES;
				IPHONEOS_DEPLOYMENT_TARGET = 17.5;
				LOCALIZATION_PREFERS_STRING_CATALOGS = YES;
				MTL_ENABLE_DEBUG_INFO = INCLUDE_SOURCE;
				MTL_FAST_MATH = YES;
				ONLY_ACTIVE_ARCH = YES;
				SDKROOT = iphoneos;
				SWIFT_ACTIVE_COMPILATION_CONDITIONS = "DEBUG $(inherited)";
				SWIFT_OPTIMIZATION_LEVEL = "-Onone";
			};
			name = Debug;
		};
		BC6DD8362C9B5720007C2C0B /* Release */ = {
			isa = XCBuildConfiguration;
			buildSettings = {
				ALWAYS_SEARCH_USER_PATHS = NO;
				ASSETCATALOG_COMPILER_GENERATE_SWIFT_ASSET_SYMBOL_EXTENSIONS = YES;
				CLANG_ANALYZER_NONNULL = YES;
				CLANG_ANALYZER_NUMBER_OBJECT_CONVERSION = YES_AGGRESSIVE;
				CLANG_CXX_LANGUAGE_STANDARD = "gnu++20";
				CLANG_ENABLE_MODULES = YES;
				CLANG_ENABLE_OBJC_ARC = YES;
				CLANG_ENABLE_OBJC_WEAK = YES;
				CLANG_WARN_BLOCK_CAPTURE_AUTORELEASING = YES;
				CLANG_WARN_BOOL_CONVERSION = YES;
				CLANG_WARN_COMMA = YES;
				CLANG_WARN_CONSTANT_CONVERSION = YES;
				CLANG_WARN_DEPRECATED_OBJC_IMPLEMENTATIONS = YES;
				CLANG_WARN_DIRECT_OBJC_ISA_USAGE = YES_ERROR;
				CLANG_WARN_DOCUMENTATION_COMMENTS = YES;
				CLANG_WARN_EMPTY_BODY = YES;
				CLANG_WARN_ENUM_CONVERSION = YES;
				CLANG_WARN_INFINITE_RECURSION = YES;
				CLANG_WARN_INT_CONVERSION = YES;
				CLANG_WARN_NON_LITERAL_NULL_CONVERSION = YES;
				CLANG_WARN_OBJC_IMPLICIT_RETAIN_SELF = YES;
				CLANG_WARN_OBJC_LITERAL_CONVERSION = YES;
				CLANG_WARN_OBJC_ROOT_CLASS = YES_ERROR;
				CLANG_WARN_QUOTED_INCLUDE_IN_FRAMEWORK_HEADER = YES;
				CLANG_WARN_RANGE_LOOP_ANALYSIS = YES;
				CLANG_WARN_STRICT_PROTOTYPES = YES;
				CLANG_WARN_SUSPICIOUS_MOVE = YES;
				CLANG_WARN_UNGUARDED_AVAILABILITY = YES_AGGRESSIVE;
				CLANG_WARN_UNREACHABLE_CODE = YES;
				CLANG_WARN__DUPLICATE_METHOD_MATCH = YES;
				COPY_PHASE_STRIP = NO;
				DEBUG_INFORMATION_FORMAT = "dwarf-with-dsym";
				ENABLE_NS_ASSERTIONS = NO;
				ENABLE_STRICT_OBJC_MSGSEND = YES;
				ENABLE_USER_SCRIPT_SANDBOXING = NO;
				GCC_C_LANGUAGE_STANDARD = gnu17;
				GCC_NO_COMMON_BLOCKS = YES;
				GCC_WARN_64_TO_32_BIT_CONVERSION = YES;
				GCC_WARN_ABOUT_RETURN_TYPE = YES_ERROR;
				GCC_WARN_UNDECLARED_SELECTOR = YES;
				GCC_WARN_UNINITIALIZED_AUTOS = YES_AGGRESSIVE;
				GCC_WARN_UNUSED_FUNCTION = YES;
				GCC_WARN_UNUSED_VARIABLE = YES;
				IPHONEOS_DEPLOYMENT_TARGET = 17.5;
				LOCALIZATION_PREFERS_STRING_CATALOGS = YES;
				MTL_ENABLE_DEBUG_INFO = NO;
				MTL_FAST_MATH = YES;
				SDKROOT = iphoneos;
				SWIFT_COMPILATION_MODE = wholemodule;
				VALIDATE_PRODUCT = YES;
			};
			name = Release;
		};
		BC6DD8382C9B5720007C2C0B /* Debug */ = {
			isa = XCBuildConfiguration;
			baseConfigurationReference = B78A662EFF1D3D39464613BF /* Pods-ColourPickerApp.debug.xcconfig */;
			buildSettings = {
				ASSETCATALOG_COMPILER_APPICON_NAME = AppIcon;
				ASSETCATALOG_COMPILER_GLOBAL_ACCENT_COLOR_NAME = AccentColor;
				CODE_SIGN_STYLE = Automatic;
				CURRENT_PROJECT_VERSION = 1;
				DEVELOPMENT_ASSET_PATHS = "\"ColourPickerApp/Preview Content\"";
				DEVELOPMENT_TEAM = WNPJ6NA9W4;
				ENABLE_PREVIEWS = YES;
				GENERATE_INFOPLIST_FILE = YES;
				INFOPLIST_KEY_UIApplicationSceneManifest_Generation = YES;
				INFOPLIST_KEY_UIApplicationSupportsIndirectInputEvents = YES;
				INFOPLIST_KEY_UILaunchScreen_Generation = YES;
				INFOPLIST_KEY_UISupportedInterfaceOrientations_iPad = "UIInterfaceOrientationPortrait UIInterfaceOrientationPortraitUpsideDown UIInterfaceOrientationLandscapeLeft UIInterfaceOrientationLandscapeRight";
				INFOPLIST_KEY_UISupportedInterfaceOrientations_iPhone = "UIInterfaceOrientationPortrait UIInterfaceOrientationLandscapeLeft UIInterfaceOrientationLandscapeRight";
				LD_RUNPATH_SEARCH_PATHS = (
					"$(inherited)",
					"@executable_path/Frameworks",
				);
				MARKETING_VERSION = 1.0;
				PRODUCT_BUNDLE_IDENTIFIER = com.sandesh.ColourPickerApp;
				PRODUCT_NAME = "$(TARGET_NAME)";
				SWIFT_EMIT_LOC_STRINGS = YES;
				SWIFT_VERSION = 5.0;
				TARGETED_DEVICE_FAMILY = "1,2";
			};
			name = Debug;
		};
		BC6DD8392C9B5720007C2C0B /* Release */ = {
			isa = XCBuildConfiguration;
			baseConfigurationReference = CC84588F7C0E703A176A36B1 /* Pods-ColourPickerApp.release.xcconfig */;
			buildSettings = {
				ASSETCATALOG_COMPILER_APPICON_NAME = AppIcon;
				ASSETCATALOG_COMPILER_GLOBAL_ACCENT_COLOR_NAME = AccentColor;
				CODE_SIGN_STYLE = Automatic;
				CURRENT_PROJECT_VERSION = 1;
				DEVELOPMENT_ASSET_PATHS = "\"ColourPickerApp/Preview Content\"";
				DEVELOPMENT_TEAM = WNPJ6NA9W4;
				ENABLE_PREVIEWS = YES;
				GENERATE_INFOPLIST_FILE = YES;
				INFOPLIST_KEY_UIApplicationSceneManifest_Generation = YES;
				INFOPLIST_KEY_UIApplicationSupportsIndirectInputEvents = YES;
				INFOPLIST_KEY_UILaunchScreen_Generation = YES;
				INFOPLIST_KEY_UISupportedInterfaceOrientations_iPad = "UIInterfaceOrientationPortrait UIInterfaceOrientationPortraitUpsideDown UIInterfaceOrientationLandscapeLeft UIInterfaceOrientationLandscapeRight";
				INFOPLIST_KEY_UISupportedInterfaceOrientations_iPhone = "UIInterfaceOrientationPortrait UIInterfaceOrientationLandscapeLeft UIInterfaceOrientationLandscapeRight";
				LD_RUNPATH_SEARCH_PATHS = (
					"$(inherited)",
					"@executable_path/Frameworks",
				);
				MARKETING_VERSION = 1.0;
				PRODUCT_BUNDLE_IDENTIFIER = com.sandesh.ColourPickerApp;
				PRODUCT_NAME = "$(TARGET_NAME)";
				SWIFT_EMIT_LOC_STRINGS = YES;
				SWIFT_VERSION = 5.0;
				TARGETED_DEVICE_FAMILY = "1,2";
			};
			name = Release;
		};
/* End XCBuildConfiguration section */

/* Begin XCConfigurationList section */
		BC6DD8242C9B571E007C2C0B /* Build configuration list for PBXProject "ColourPickerApp" */ = {
			isa = XCConfigurationList;
			buildConfigurations = (
				BC6DD8352C9B5720007C2C0B /* Debug */,
				BC6DD8362C9B5720007C2C0B /* Release */,
			);
			defaultConfigurationIsVisible = 0;
			defaultConfigurationName = Release;
		};
		BC6DD8372C9B5720007C2C0B /* Build configuration list for PBXNativeTarget "ColourPickerApp" */ = {
			isa = XCConfigurationList;
			buildConfigurations = (
				BC6DD8382C9B5720007C2C0B /* Debug */,
				BC6DD8392C9B5720007C2C0B /* Release */,
			);
			defaultConfigurationIsVisible = 0;
			defaultConfigurationName = Release;
		};
/* End XCConfigurationList section */
	};
	rootObject = BC6DD8212C9B571E007C2C0B /* Project object */;
}
